{
  "originHash" : "f435a8c70afbdb5c453c6b507d3f418e745372c3a4c2116bb99620a7b57a1a95",
  "pins" : [
    {
      "identity" : "swiftasyncassert",
      "kind" : "remoteSourceControl",
      "location" : "https://github.com/angu-software/SwiftAsyncAssert.git",
      "state" : {
        "revision" : "40d9c1c11ad9ae25d0870b284b43745abf291b2f",
        "version" : "1.1.0"
      }
    }
  ],
  "version" : 3
}
